# THIS IS AN AUTOGENERATED FILE. DO NOT EDIT THIS FILE DIRECTLY.
# yarn lockfile v1


commander@^2.18.0:
  version "2.18.0"
  resolved "https://registry.yarnpkg.com/commander/-/commander-2.18.0.tgz#2bf063ddee7c7891176981a2cc798e5754bc6970"
  integrity sha512-6CYPa+JP2ftfRU2qkDK+UTVeQYosOg/2GbcjIcKPHfinyOLPVGXu/ovN86RP49Re5ndJK1N0kuiidFFuepc4ZQ==

dayjs@^1.7.7:
  version "1.7.7"
  resolved "https://registry.yarnpkg.com/dayjs/-/dayjs-1.7.7.tgz#8df20f78ac2476e3f5348ef49f8f22ebc3016370"
  integrity sha512-Qlkiu0NNDpYwhk0syK4ImvAl/5YnsEMkvC2O123INviGeOA3Q8s5VyVkZzmN5SC7Wv9bb1+rfwO+uSqtHB4UWw==
